
Microsoft Visual Studio Solution File, Format Version 12.00
# Visual Studio Version 17
VisualStudioVersion = 17.11.35303.130
MinimumVisualStudioVersion = 10.0.40219.1
Project("{FAE04EC0-301F-11D3-BF4B-00C04F79EFBC}") = "AutoCompleteTextBox", "AutoCompleteTextBox\AutoCompleteTextBox.csproj", "{56AD87C0-9BD6-43DB-B095-E8DF0755E794}"
EndProject
Global
	GlobalSection(SolutionConfigurationPlatforms) = preSolution
		Debug|Any CPU = Debug|Any CPU
		Release|Any CPU = Release|Any CPU
	EndGlobalSection
	GlobalSection(ProjectConfigurationPlatforms) = postSolution
		{56AD87C0-9BD6-43DB-B095-E8DF0755E794}.Debug|Any CPU.ActiveCfg = Debug|Any CPU
		{56AD87C0-9BD6-43DB-B095-E8DF0755E794}.Debug|Any CPU.Build.0 = Debug|Any CPU
		{56AD87C0-9BD6-43DB-B095-E8DF0755E794}.Release|Any CPU.ActiveCfg = Release|Any CPU
		{56AD87C0-9BD6-43DB-B095-E8DF0755E794}.Release|Any CPU.Build.0 = Release|Any CPU
	EndGlobalSection
	GlobalSection(SolutionProperties) = preSolution
		HideSolutionNode = FALSE
	EndGlobalSection
	GlobalSection(ExtensibilityGlobals) = postSolution
		SolutionGuid = {74151C15-D447-4C96-ADBA-B23F6AB41A71}
	EndGlobalSection
EndGlobal
